
Microsoft Visual Studio Solution File, Format Version 12.00
# Visual Studio Version 16
VisualStudioVersion = 16.0.33027.164
MinimumVisualStudioVersion = 10.0.40219.1
Project("{FAE04EC0-301F-11D3-BF4B-00C04F79EFBC}") = "Animais", "Animais\Animais.csproj", "{F3479353-8A6E-45BF-AE9F-D2198DBED2E8}"
EndProject
Global
	GlobalSection(SolutionConfigurationPlatforms) = preSolution
		Debug|Any CPU = Debug|Any CPU
		Release|Any CPU = Release|Any CPU
	EndGlobalSection
	GlobalSection(ProjectConfigurationPlatforms) = postSolution
		{F3479353-8A6E-45BF-AE9F-D2198DBED2E8}.Debug|Any CPU.ActiveCfg = Debug|Any CPU
		{F3479353-8A6E-45BF-AE9F-D2198DBED2E8}.Debug|Any CPU.Build.0 = Debug|Any CPU
		{F3479353-8A6E-45BF-AE9F-D2198DBED2E8}.Release|Any CPU.ActiveCfg = Release|Any CPU
		{F3479353-8A6E-45BF-AE9F-D2198DBED2E8}.Release|Any CPU.Build.0 = Release|Any CPU
	EndGlobalSection
	GlobalSection(SolutionProperties) = preSolution
		HideSolutionNode = FALSE
	EndGlobalSection
	GlobalSection(ExtensibilityGlobals) = postSolution
		SolutionGuid = {9EB63B0F-1196-47DE-BEF7-FBC540C758D0}
	EndGlobalSection
EndGlobal
